// !$*UTF8*$!
{
	archiveVersion = 1;
	classes = {
	};
	objectVersion = 56;
	objects = {

/* Begin PBXBuildFile section */
		B53A41D22C3EDDD200C5F712 /* ImagesListCell.swift in Sources */ = {isa = PBXBuildFile; fileRef = B53A41D12C3EDDD200C5F712 /* ImagesListCell.swift */; };
		B53A42022C481F9200C5F712 /* Main.storyboard in Resources */ = {isa = PBXBuildFile; fileRef = B53A42012C481F9200C5F712 /* Main.storyboard */; };
		B592FB082C3B34E20084EE29 /* AppDelegate.swift in Sources */ = {isa = PBXBuildFile; fileRef = B592FB072C3B34E20084EE29 /* AppDelegate.swift */; };
		B592FB0A2C3B34E20084EE29 /* SceneDelegate.swift in Sources */ = {isa = PBXBuildFile; fileRef = B592FB092C3B34E20084EE29 /* SceneDelegate.swift */; };
		B592FB0C2C3B34E20084EE29 /* ImagesListViewController.swift in Sources */ = {isa = PBXBuildFile; fileRef = B592FB0B2C3B34E20084EE29 /* ImagesListViewController.swift */; };
		B592FB112C3B34E30084EE29 /* Assets.xcassets in Resources */ = {isa = PBXBuildFile; fileRef = B592FB102C3B34E30084EE29 /* Assets.xcassets */; };
		B592FB142C3B34E30084EE29 /* Base in Resources */ = {isa = PBXBuildFile; fileRef = B592FB132C3B34E30084EE29 /* Base */; };
		B592FB1C2C3C01090084EE29 /* Vector.png in Resources */ = {isa = PBXBuildFile; fileRef = B592FB1B2C3C01090084EE29 /* Vector.png */; };
		B59410432C5769CB00C6A9CF /* SingleImageViewController.swift in Sources */ = {isa = PBXBuildFile; fileRef = B59410422C5769CB00C6A9CF /* SingleImageViewController.swift */; };
		B59410452C576A2000C6A9CF /* ProfileViewController.swift in Sources */ = {isa = PBXBuildFile; fileRef = B59410442C576A2000C6A9CF /* ProfileViewController.swift */; };
		B5AE71F92C5C58ED0026C836 /* UIFont+Extensions.swift in Sources */ = {isa = PBXBuildFile; fileRef = B5AE71F82C5C58ED0026C836 /* UIFont+Extensions.swift */; };
		B5AE71FB2C5C5F1F0026C836 /* SF-Pro.ttf in Resources */ = {isa = PBXBuildFile; fileRef = B5AE71FA2C5C5F1F0026C836 /* SF-Pro.ttf */; };
		B5AE71FD2C5E54A60026C836 /* Constants.swift in Sources */ = {isa = PBXBuildFile; fileRef = B5AE71FC2C5E54A60026C836 /* Constants.swift */; };
		B5AE72002C5EDDCC0026C836 /* AuthViewController .swift in Sources */ = {isa = PBXBuildFile; fileRef = B5AE71FF2C5EDDCC0026C836 /* AuthViewController .swift */; };
		B5AE72022C60D36F0026C836 /* WebViewViewController.swift in Sources */ = {isa = PBXBuildFile; fileRef = B5AE72012C60D36F0026C836 /* WebViewViewController.swift */; };
		B5AE72042C639F8D0026C836 /* OAuth2Service.swift in Sources */ = {isa = PBXBuildFile; fileRef = B5AE72032C639F8D0026C836 /* OAuth2Service.swift */; };
		B5AE72092C63AE420026C836 /* URLSession+Extensions.swift in Sources */ = {isa = PBXBuildFile; fileRef = B5AE72082C63AE420026C836 /* URLSession+Extensions.swift */; };
		B5AE720C2C63AF650026C836 /* OAuthTokenResponseBody.swift in Sources */ = {isa = PBXBuildFile; fileRef = B5AE720B2C63AF650026C836 /* OAuthTokenResponseBody.swift */; };
		B5AE720E2C63B18A0026C836 /* OAuth2Storage.swift in Sources */ = {isa = PBXBuildFile; fileRef = B5AE720D2C63B18A0026C836 /* OAuth2Storage.swift */; };
		B5B1FA482C6413CB00F049E4 /* SplashViewController.swift in Sources */ = {isa = PBXBuildFile; fileRef = B5B1FA472C6413CB00F049E4 /* SplashViewController.swift */; };
		B5B1FA4D2C6DF9D300F049E4 /* ProgressHUD in Frameworks */ = {isa = PBXBuildFile; productRef = B5B1FA4C2C6DF9D300F049E4 /* ProgressHUD */; };
		B5B1FA4F2C71FF1100F049E4 /* UIBlockingProgressHUD.swift in Sources */ = {isa = PBXBuildFile; fileRef = B5B1FA4E2C71FF1100F049E4 /* UIBlockingProgressHUD.swift */; };
		B5B1FA512C7216E000F049E4 /* ProfileService.swift in Sources */ = {isa = PBXBuildFile; fileRef = B5B1FA502C7216E000F049E4 /* ProfileService.swift */; };
		B5B1FA532C72170A00F049E4 /* ProfileModels.swift in Sources */ = {isa = PBXBuildFile; fileRef = B5B1FA522C72170A00F049E4 /* ProfileModels.swift */; };
		B5B1FA552C74E4CD00F049E4 /* ProfileImageService.swift in Sources */ = {isa = PBXBuildFile; fileRef = B5B1FA542C74E4CD00F049E4 /* ProfileImageService.swift */; };
		B5B1FA572C777C1E00F049E4 /* AlertPresenter.swift in Sources */ = {isa = PBXBuildFile; fileRef = B5B1FA562C777C1E00F049E4 /* AlertPresenter.swift */; };
		B5B1FA592C777CBA00F049E4 /* AlertModel.swift in Sources */ = {isa = PBXBuildFile; fileRef = B5B1FA582C777CBA00F049E4 /* AlertModel.swift */; };
		B5B1FA5C2C77FE0D00F049E4 /* Kingfisher in Frameworks */ = {isa = PBXBuildFile; productRef = B5B1FA5B2C77FE0D00F049E4 /* Kingfisher */; };
		B5B1FA5F2C7925AB00F049E4 /* SwiftKeychainWrapper in Frameworks */ = {isa = PBXBuildFile; productRef = B5B1FA5E2C7925AB00F049E4 /* SwiftKeychainWrapper */; };
		B5B1FA622C7A858E00F049E4 /* TabBarViewController.swift in Sources */ = {isa = PBXBuildFile; fileRef = B5B1FA612C7A858E00F049E4 /* TabBarViewController.swift */; };
		B5B1FA642C7A893200F049E4 /* UIImageView+Extensions.swift in Sources */ = {isa = PBXBuildFile; fileRef = B5B1FA632C7A893200F049E4 /* UIImageView+Extensions.swift */; };
/* End PBXBuildFile section */

/* Begin PBXFileReference section */
		B53A41D12C3EDDD200C5F712 /* ImagesListCell.swift */ = {isa = PBXFileReference; lastKnownFileType = sourcecode.swift; path = ImagesListCell.swift; sourceTree = "<group>"; };
		B53A42012C481F9200C5F712 /* Main.storyboard */ = {isa = PBXFileReference; fileEncoding = 4; lastKnownFileType = file.storyboard; path = Main.storyboard; sourceTree = "<group>"; };
		B592FB042C3B34E20084EE29 /* ImageFeed.app */ = {isa = PBXFileReference; explicitFileType = wrapper.application; includeInIndex = 0; path = ImageFeed.app; sourceTree = BUILT_PRODUCTS_DIR; };
		B592FB072C3B34E20084EE29 /* AppDelegate.swift */ = {isa = PBXFileReference; lastKnownFileType = sourcecode.swift; path = AppDelegate.swift; sourceTree = "<group>"; };
		B592FB092C3B34E20084EE29 /* SceneDelegate.swift */ = {isa = PBXFileReference; lastKnownFileType = sourcecode.swift; path = SceneDelegate.swift; sourceTree = "<group>"; };
		B592FB0B2C3B34E20084EE29 /* ImagesListViewController.swift */ = {isa = PBXFileReference; lastKnownFileType = sourcecode.swift; path = ImagesListViewController.swift; sourceTree = "<group>"; };
		B592FB102C3B34E30084EE29 /* Assets.xcassets */ = {isa = PBXFileReference; lastKnownFileType = folder.assetcatalog; path = Assets.xcassets; sourceTree = "<group>"; };
		B592FB132C3B34E30084EE29 /* Base */ = {isa = PBXFileReference; lastKnownFileType = file.storyboard; name = Base; path = Base.lproj/LaunchScreen.storyboard; sourceTree = "<group>"; };
		B592FB152C3B34E30084EE29 /* Info.plist */ = {isa = PBXFileReference; lastKnownFileType = text.plist.xml; path = Info.plist; sourceTree = "<group>"; };
		B592FB1B2C3C01090084EE29 /* Vector.png */ = {isa = PBXFileReference; lastKnownFileType = image.png; path = Vector.png; sourceTree = "<group>"; };
		B59410422C5769CB00C6A9CF /* SingleImageViewController.swift */ = {isa = PBXFileReference; lastKnownFileType = sourcecode.swift; path = SingleImageViewController.swift; sourceTree = "<group>"; };
		B59410442C576A2000C6A9CF /* ProfileViewController.swift */ = {isa = PBXFileReference; lastKnownFileType = sourcecode.swift; path = ProfileViewController.swift; sourceTree = "<group>"; };
		B5AE71F82C5C58ED0026C836 /* UIFont+Extensions.swift */ = {isa = PBXFileReference; lastKnownFileType = sourcecode.swift; path = "UIFont+Extensions.swift"; sourceTree = "<group>"; };
		B5AE71FA2C5C5F1F0026C836 /* SF-Pro.ttf */ = {isa = PBXFileReference; lastKnownFileType = file; path = "SF-Pro.ttf"; sourceTree = "<group>"; };
		B5AE71FC2C5E54A60026C836 /* Constants.swift */ = {isa = PBXFileReference; lastKnownFileType = sourcecode.swift; path = Constants.swift; sourceTree = "<group>"; };
		B5AE71FF2C5EDDCC0026C836 /* AuthViewController .swift */ = {isa = PBXFileReference; lastKnownFileType = sourcecode.swift; path = "AuthViewController .swift"; sourceTree = "<group>"; };
		B5AE72012C60D36F0026C836 /* WebViewViewController.swift */ = {isa = PBXFileReference; lastKnownFileType = sourcecode.swift; path = WebViewViewController.swift; sourceTree = "<group>"; };
		B5AE72032C639F8D0026C836 /* OAuth2Service.swift */ = {isa = PBXFileReference; lastKnownFileType = sourcecode.swift; path = OAuth2Service.swift; sourceTree = "<group>"; };
		B5AE72082C63AE420026C836 /* URLSession+Extensions.swift */ = {isa = PBXFileReference; lastKnownFileType = sourcecode.swift; path = "URLSession+Extensions.swift"; sourceTree = "<group>"; };
		B5AE720B2C63AF650026C836 /* OAuthTokenResponseBody.swift */ = {isa = PBXFileReference; lastKnownFileType = sourcecode.swift; path = OAuthTokenResponseBody.swift; sourceTree = "<group>"; };
		B5AE720D2C63B18A0026C836 /* OAuth2Storage.swift */ = {isa = PBXFileReference; lastKnownFileType = sourcecode.swift; path = OAuth2Storage.swift; sourceTree = "<group>"; };
		B5B1FA472C6413CB00F049E4 /* SplashViewController.swift */ = {isa = PBXFileReference; lastKnownFileType = sourcecode.swift; path = SplashViewController.swift; sourceTree = "<group>"; };
		B5B1FA4E2C71FF1100F049E4 /* UIBlockingProgressHUD.swift */ = {isa = PBXFileReference; lastKnownFileType = sourcecode.swift; path = UIBlockingProgressHUD.swift; sourceTree = "<group>"; };
		B5B1FA502C7216E000F049E4 /* ProfileService.swift */ = {isa = PBXFileReference; lastKnownFileType = sourcecode.swift; path = ProfileService.swift; sourceTree = "<group>"; };
		B5B1FA522C72170A00F049E4 /* ProfileModels.swift */ = {isa = PBXFileReference; lastKnownFileType = sourcecode.swift; path = ProfileModels.swift; sourceTree = "<group>"; };
		B5B1FA542C74E4CD00F049E4 /* ProfileImageService.swift */ = {isa = PBXFileReference; lastKnownFileType = sourcecode.swift; path = ProfileImageService.swift; sourceTree = "<group>"; };
		B5B1FA562C777C1E00F049E4 /* AlertPresenter.swift */ = {isa = PBXFileReference; lastKnownFileType = sourcecode.swift; path = AlertPresenter.swift; sourceTree = "<group>"; };
		B5B1FA582C777CBA00F049E4 /* AlertModel.swift */ = {isa = PBXFileReference; lastKnownFileType = sourcecode.swift; path = AlertModel.swift; sourceTree = "<group>"; };
		B5B1FA612C7A858E00F049E4 /* TabBarViewController.swift */ = {isa = PBXFileReference; lastKnownFileType = sourcecode.swift; path = TabBarViewController.swift; sourceTree = "<group>"; };
		B5B1FA632C7A893200F049E4 /* UIImageView+Extensions.swift */ = {isa = PBXFileReference; lastKnownFileType = sourcecode.swift; path = "UIImageView+Extensions.swift"; sourceTree = "<group>"; };
/* End PBXFileReference section */

/* Begin PBXFrameworksBuildPhase section */
		B592FB012C3B34E20084EE29 /* Frameworks */ = {
			isa = PBXFrameworksBuildPhase;
			buildActionMask = 2147483647;
			files = (
				B5B1FA5C2C77FE0D00F049E4 /* Kingfisher in Frameworks */,
				B5B1FA4D2C6DF9D300F049E4 /* ProgressHUD in Frameworks */,
				B5B1FA5F2C7925AB00F049E4 /* SwiftKeychainWrapper in Frameworks */,
			);
			runOnlyForDeploymentPostprocessing = 0;
		};
/* End PBXFrameworksBuildPhase section */

/* Begin PBXGroup section */
		B53A41D32C3EDE4100C5F712 /* ImagesList */ = {
			isa = PBXGroup;
			children = (
				B592FB0B2C3B34E20084EE29 /* ImagesListViewController.swift */,
				B53A41D12C3EDDD200C5F712 /* ImagesListCell.swift */,
			);
			path = ImagesList;
			sourceTree = "<group>";
		};
		B592FAFB2C3B34E20084EE29 = {
			isa = PBXGroup;
			children = (
				B592FB062C3B34E20084EE29 /* ImageFeed */,
				B592FB052C3B34E20084EE29 /* Products */,
			);
			sourceTree = "<group>";
		};
		B592FB052C3B34E20084EE29 /* Products */ = {
			isa = PBXGroup;
			children = (
				B592FB042C3B34E20084EE29 /* ImageFeed.app */,
			);
			name = Products;
			sourceTree = "<group>";
		};
		B592FB062C3B34E20084EE29 /* ImageFeed */ = {
			isa = PBXGroup;
			children = (
				B592FB072C3B34E20084EE29 /* AppDelegate.swift */,
				B592FB092C3B34E20084EE29 /* SceneDelegate.swift */,
				B5AE71FC2C5E54A60026C836 /* Constants.swift */,
				B5B1FA602C7A857A00F049E4 /* TabBar */,
				B5B1FA462C6413AE00F049E4 /* SplashViewController */,
				B5AE720A2C63AF440026C836 /* Models */,
				B5AE72052C63AB2E0026C836 /* Services */,
				B5AE71FE2C5EDDB40026C836 /* Auth */,
				B5AE71F72C5C58DC0026C836 /* Helpers */,
				B53A41D32C3EDE4100C5F712 /* ImagesList */,
				B59410402C57699200C6A9CF /* Profile */,
				B59410412C5769A500C6A9CF /* SingleImageView */,
				B5AE71F42C5C579A0026C836 /* Resources */,
				B53A42012C481F9200C5F712 /* Main.storyboard */,
				B592FB122C3B34E30084EE29 /* LaunchScreen.storyboard */,
				B592FB152C3B34E30084EE29 /* Info.plist */,
			);
			path = ImageFeed;
			sourceTree = "<group>";
		};
		B59410402C57699200C6A9CF /* Profile */ = {
			isa = PBXGroup;
			children = (
				B59410442C576A2000C6A9CF /* ProfileViewController.swift */,
			);
			path = Profile;
			sourceTree = "<group>";
		};
		B59410412C5769A500C6A9CF /* SingleImageView */ = {
			isa = PBXGroup;
			children = (
				B59410422C5769CB00C6A9CF /* SingleImageViewController.swift */,
			);
			path = SingleImageView;
			sourceTree = "<group>";
		};
		B5AE71F42C5C579A0026C836 /* Resources */ = {
			isa = PBXGroup;
			children = (
				B5AE71FA2C5C5F1F0026C836 /* SF-Pro.ttf */,
				B592FB102C3B34E30084EE29 /* Assets.xcassets */,
				B592FB1B2C3C01090084EE29 /* Vector.png */,
			);
			path = Resources;
			sourceTree = "<group>";
		};
		B5AE71F72C5C58DC0026C836 /* Helpers */ = {
			isa = PBXGroup;
			children = (
				B5AE71F82C5C58ED0026C836 /* UIFont+Extensions.swift */,
				B5AE72082C63AE420026C836 /* URLSession+Extensions.swift */,
				B5B1FA632C7A893200F049E4 /* UIImageView+Extensions.swift */,
			);
			path = Helpers;
			sourceTree = "<group>";
		};
		B5AE71FE2C5EDDB40026C836 /* Auth */ = {
			isa = PBXGroup;
			children = (
				B5AE71FF2C5EDDCC0026C836 /* AuthViewController .swift */,
				B5AE72012C60D36F0026C836 /* WebViewViewController.swift */,
			);
			path = Auth;
			sourceTree = "<group>";
		};
		B5AE72052C63AB2E0026C836 /* Services */ = {
			isa = PBXGroup;
			children = (
				B5AE72032C639F8D0026C836 /* OAuth2Service.swift */,
				B5AE720D2C63B18A0026C836 /* OAuth2Storage.swift */,
				B5B1FA4E2C71FF1100F049E4 /* UIBlockingProgressHUD.swift */,
				B5B1FA502C7216E000F049E4 /* ProfileService.swift */,
				B5B1FA542C74E4CD00F049E4 /* ProfileImageService.swift */,
				B5B1FA562C777C1E00F049E4 /* AlertPresenter.swift */,
			);
			path = Services;
			sourceTree = "<group>";
		};
		B5AE720A2C63AF440026C836 /* Models */ = {
			isa = PBXGroup;
			children = (
				B5AE720B2C63AF650026C836 /* OAuthTokenResponseBody.swift */,
				B5B1FA522C72170A00F049E4 /* ProfileModels.swift */,
				B5B1FA582C777CBA00F049E4 /* AlertModel.swift */,
			);
			path = Models;
			sourceTree = "<group>";
		};
		B5B1FA462C6413AE00F049E4 /* SplashViewController */ = {
			isa = PBXGroup;
			children = (
				B5B1FA472C6413CB00F049E4 /* SplashViewController.swift */,
			);
			path = SplashViewController;
			sourceTree = "<group>";
		};
		B5B1FA602C7A857A00F049E4 /* TabBar */ = {
			isa = PBXGroup;
			children = (
				B5B1FA612C7A858E00F049E4 /* TabBarViewController.swift */,
			);
			path = TabBar;
			sourceTree = "<group>";
		};
/* End PBXGroup section */

/* Begin PBXNativeTarget section */
		B592FB032C3B34E20084EE29 /* ImageFeed */ = {
			isa = PBXNativeTarget;
			buildConfigurationList = B592FB182C3B34E30084EE29 /* Build configuration list for PBXNativeTarget "ImageFeed" */;
			buildPhases = (
				B592FB002C3B34E20084EE29 /* Sources */,
				B592FB012C3B34E20084EE29 /* Frameworks */,
				B592FB022C3B34E20084EE29 /* Resources */,
			);
			buildRules = (
			);
			dependencies = (
			);
			name = ImageFeed;
			packageProductDependencies = (
				B5B1FA4C2C6DF9D300F049E4 /* ProgressHUD */,
				B5B1FA5B2C77FE0D00F049E4 /* Kingfisher */,
				B5B1FA5E2C7925AB00F049E4 /* SwiftKeychainWrapper */,
			);
			productName = ImageFeed;
			productReference = B592FB042C3B34E20084EE29 /* ImageFeed.app */;
			productType = "com.apple.product-type.application";
		};
/* End PBXNativeTarget section */

/* Begin PBXProject section */
		B592FAFC2C3B34E20084EE29 /* Project object */ = {
			isa = PBXProject;
			attributes = {
				BuildIndependentTargetsInParallel = 1;
				LastSwiftUpdateCheck = 1540;
				LastUpgradeCheck = 1540;
				TargetAttributes = {
					B592FB032C3B34E20084EE29 = {
						CreatedOnToolsVersion = 15.4;
					};
				};
			};
			buildConfigurationList = B592FAFF2C3B34E20084EE29 /* Build configuration list for PBXProject "ImageFeed" */;
			compatibilityVersion = "Xcode 14.0";
			developmentRegion = en;
			hasScannedForEncodings = 0;
			knownRegions = (
				en,
				Base,
			);
			mainGroup = B592FAFB2C3B34E20084EE29;
			packageReferences = (
				B5B1FA4B2C6DF9D300F049E4 /* XCRemoteSwiftPackageReference "ProgressHUD" */,
				B5B1FA5A2C77FE0D00F049E4 /* XCRemoteSwiftPackageReference "Kingfisher" */,
				B5B1FA5D2C7925AB00F049E4 /* XCRemoteSwiftPackageReference "SwiftKeychainWrapper" */,
			);
			productRefGroup = B592FB052C3B34E20084EE29 /* Products */;
			projectDirPath = "";
			projectRoot = "";
			targets = (
				B592FB032C3B34E20084EE29 /* ImageFeed */,
			);
		};
/* End PBXProject section */

/* Begin PBXResourcesBuildPhase section */
		B592FB022C3B34E20084EE29 /* Resources */ = {
			isa = PBXResourcesBuildPhase;
			buildActionMask = 2147483647;
			files = (
				B592FB1C2C3C01090084EE29 /* Vector.png in Resources */,
				B53A42022C481F9200C5F712 /* Main.storyboard in Resources */,
				B592FB112C3B34E30084EE29 /* Assets.xcassets in Resources */,
				B592FB142C3B34E30084EE29 /* Base in Resources */,
				B5AE71FB2C5C5F1F0026C836 /* SF-Pro.ttf in Resources */,
			);
			runOnlyForDeploymentPostprocessing = 0;
		};
/* End PBXResourcesBuildPhase section */

/* Begin PBXSourcesBuildPhase section */
		B592FB002C3B34E20084EE29 /* Sources */ = {
			isa = PBXSourcesBuildPhase;
			buildActionMask = 2147483647;
			files = (
				B5AE72022C60D36F0026C836 /* WebViewViewController.swift in Sources */,
				B5AE72092C63AE420026C836 /* URLSession+Extensions.swift in Sources */,
				B5B1FA622C7A858E00F049E4 /* TabBarViewController.swift in Sources */,
				B59410452C576A2000C6A9CF /* ProfileViewController.swift in Sources */,
				B5B1FA4F2C71FF1100F049E4 /* UIBlockingProgressHUD.swift in Sources */,
				B5B1FA592C777CBA00F049E4 /* AlertModel.swift in Sources */,
				B592FB0C2C3B34E20084EE29 /* ImagesListViewController.swift in Sources */,
				B5AE72002C5EDDCC0026C836 /* AuthViewController .swift in Sources */,
				B5B1FA642C7A893200F049E4 /* UIImageView+Extensions.swift in Sources */,
				B5AE72042C639F8D0026C836 /* OAuth2Service.swift in Sources */,
				B5B1FA512C7216E000F049E4 /* ProfileService.swift in Sources */,
				B59410432C5769CB00C6A9CF /* SingleImageViewController.swift in Sources */,
				B53A41D22C3EDDD200C5F712 /* ImagesListCell.swift in Sources */,
				B592FB082C3B34E20084EE29 /* AppDelegate.swift in Sources */,
				B5B1FA552C74E4CD00F049E4 /* ProfileImageService.swift in Sources */,
				B592FB0A2C3B34E20084EE29 /* SceneDelegate.swift in Sources */,
				B5AE720C2C63AF650026C836 /* OAuthTokenResponseBody.swift in Sources */,
				B5AE720E2C63B18A0026C836 /* OAuth2Storage.swift in Sources */,
				B5B1FA532C72170A00F049E4 /* ProfileModels.swift in Sources */,
				B5B1FA572C777C1E00F049E4 /* AlertPresenter.swift in Sources */,
				B5AE71F92C5C58ED0026C836 /* UIFont+Extensions.swift in Sources */,
				B5AE71FD2C5E54A60026C836 /* Constants.swift in Sources */,
				B5B1FA482C6413CB00F049E4 /* SplashViewController.swift in Sources */,
			);
			runOnlyForDeploymentPostprocessing = 0;
		};
/* End PBXSourcesBuildPhase section */

/* Begin PBXVariantGroup section */
		B592FB122C3B34E30084EE29 /* LaunchScreen.storyboard */ = {
			isa = PBXVariantGroup;
			children = (
				B592FB132C3B34E30084EE29 /* Base */,
			);
			name = LaunchScreen.storyboard;
			sourceTree = "<group>";
		};
/* End PBXVariantGroup section */

/* Begin XCBuildConfiguration section */
		B592FB162C3B34E30084EE29 /* Debug */ = {
			isa = XCBuildConfiguration;
			buildSettings = {
				ALWAYS_SEARCH_USER_PATHS = NO;
				ASSETCATALOG_COMPILER_GENERATE_SWIFT_ASSET_SYMBOL_EXTENSIONS = YES;
				CLANG_ANALYZER_NONNULL = YES;
				CLANG_ANALYZER_NUMBER_OBJECT_CONVERSION = YES_AGGRESSIVE;
				CLANG_CXX_LANGUAGE_STANDARD = "gnu++20";
				CLANG_ENABLE_MODULES = YES;
				CLANG_ENABLE_OBJC_ARC = YES;
				CLANG_ENABLE_OBJC_WEAK = YES;
				CLANG_WARN_BLOCK_CAPTURE_AUTORELEASING = YES;
				CLANG_WARN_BOOL_CONVERSION = YES;
				CLANG_WARN_COMMA = YES;
				CLANG_WARN_CONSTANT_CONVERSION = YES;
				CLANG_WARN_DEPRECATED_OBJC_IMPLEMENTATIONS = YES;
				CLANG_WARN_DIRECT_OBJC_ISA_USAGE = YES_ERROR;
				CLANG_WARN_DOCUMENTATION_COMMENTS = YES;
				CLANG_WARN_EMPTY_BODY = YES;
				CLANG_WARN_ENUM_CONVERSION = YES;
				CLANG_WARN_INFINITE_RECURSION = YES;
				CLANG_WARN_INT_CONVERSION = YES;
				CLANG_WARN_NON_LITERAL_NULL_CONVERSION = YES;
				CLANG_WARN_OBJC_IMPLICIT_RETAIN_SELF = YES;
				CLANG_WARN_OBJC_LITERAL_CONVERSION = YES;
				CLANG_WARN_OBJC_ROOT_CLASS = YES_ERROR;
				CLANG_WARN_QUOTED_INCLUDE_IN_FRAMEWORK_HEADER = YES;
				CLANG_WARN_RANGE_LOOP_ANALYSIS = YES;
				CLANG_WARN_STRICT_PROTOTYPES = YES;
				CLANG_WARN_SUSPICIOUS_MOVE = YES;
				CLANG_WARN_UNGUARDED_AVAILABILITY = YES_AGGRESSIVE;
				CLANG_WARN_UNREACHABLE_CODE = YES;
				CLANG_WARN__DUPLICATE_METHOD_MATCH = YES;
				COPY_PHASE_STRIP = NO;
				DEBUG_INFORMATION_FORMAT = dwarf;
				ENABLE_STRICT_OBJC_MSGSEND = YES;
				ENABLE_TESTABILITY = YES;
				ENABLE_USER_SCRIPT_SANDBOXING = YES;
				GCC_C_LANGUAGE_STANDARD = gnu17;
				GCC_DYNAMIC_NO_PIC = NO;
				GCC_NO_COMMON_BLOCKS = YES;
				GCC_OPTIMIZATION_LEVEL = 0;
				GCC_PREPROCESSOR_DEFINITIONS = (
					"DEBUG=1",
					"$(inherited)",
				);
				GCC_WARN_64_TO_32_BIT_CONVERSION = YES;
				GCC_WARN_ABOUT_RETURN_TYPE = YES_ERROR;
				GCC_WARN_UNDECLARED_SELECTOR = YES;
				GCC_WARN_UNINITIALIZED_AUTOS = YES_AGGRESSIVE;
				GCC_WARN_UNUSED_FUNCTION = YES;
				GCC_WARN_UNUSED_VARIABLE = YES;
				IPHONEOS_DEPLOYMENT_TARGET = 17.5;
				LOCALIZATION_PREFERS_STRING_CATALOGS = YES;
				MTL_ENABLE_DEBUG_INFO = INCLUDE_SOURCE;
				MTL_FAST_MATH = YES;
				ONLY_ACTIVE_ARCH = YES;
				SDKROOT = iphoneos;
				SWIFT_ACTIVE_COMPILATION_CONDITIONS = "DEBUG $(inherited)";
				SWIFT_OPTIMIZATION_LEVEL = "-Onone";
			};
			name = Debug;
		};
		B592FB172C3B34E30084EE29 /* Release */ = {
			isa = XCBuildConfiguration;
			buildSettings = {
				ALWAYS_SEARCH_USER_PATHS = NO;
				ASSETCATALOG_COMPILER_GENERATE_SWIFT_ASSET_SYMBOL_EXTENSIONS = YES;
				CLANG_ANALYZER_NONNULL = YES;
				CLANG_ANALYZER_NUMBER_OBJECT_CONVERSION = YES_AGGRESSIVE;
				CLANG_CXX_LANGUAGE_STANDARD = "gnu++20";
				CLANG_ENABLE_MODULES = YES;
				CLANG_ENABLE_OBJC_ARC = YES;
				CLANG_ENABLE_OBJC_WEAK = YES;
				CLANG_WARN_BLOCK_CAPTURE_AUTORELEASING = YES;
				CLANG_WARN_BOOL_CONVERSION = YES;
				CLANG_WARN_COMMA = YES;
				CLANG_WARN_CONSTANT_CONVERSION = YES;
				CLANG_WARN_DEPRECATED_OBJC_IMPLEMENTATIONS = YES;
				CLANG_WARN_DIRECT_OBJC_ISA_USAGE = YES_ERROR;
				CLANG_WARN_DOCUMENTATION_COMMENTS = YES;
				CLANG_WARN_EMPTY_BODY = YES;
				CLANG_WARN_ENUM_CONVERSION = YES;
				CLANG_WARN_INFINITE_RECURSION = YES;
				CLANG_WARN_INT_CONVERSION = YES;
				CLANG_WARN_NON_LITERAL_NULL_CONVERSION = YES;
				CLANG_WARN_OBJC_IMPLICIT_RETAIN_SELF = YES;
				CLANG_WARN_OBJC_LITERAL_CONVERSION = YES;
				CLANG_WARN_OBJC_ROOT_CLASS = YES_ERROR;
				CLANG_WARN_QUOTED_INCLUDE_IN_FRAMEWORK_HEADER = YES;
				CLANG_WARN_RANGE_LOOP_ANALYSIS = YES;
				CLANG_WARN_STRICT_PROTOTYPES = YES;
				CLANG_WARN_SUSPICIOUS_MOVE = YES;
				CLANG_WARN_UNGUARDED_AVAILABILITY = YES_AGGRESSIVE;
				CLANG_WARN_UNREACHABLE_CODE = YES;
				CLANG_WARN__DUPLICATE_METHOD_MATCH = YES;
				COPY_PHASE_STRIP = NO;
				DEBUG_INFORMATION_FORMAT = "dwarf-with-dsym";
				ENABLE_NS_ASSERTIONS = NO;
				ENABLE_STRICT_OBJC_MSGSEND = YES;
				ENABLE_USER_SCRIPT_SANDBOXING = YES;
				GCC_C_LANGUAGE_STANDARD = gnu17;
				GCC_NO_COMMON_BLOCKS = YES;
				GCC_WARN_64_TO_32_BIT_CONVERSION = YES;
				GCC_WARN_ABOUT_RETURN_TYPE = YES_ERROR;
				GCC_WARN_UNDECLARED_SELECTOR = YES;
				GCC_WARN_UNINITIALIZED_AUTOS = YES_AGGRESSIVE;
				GCC_WARN_UNUSED_FUNCTION = YES;
				GCC_WARN_UNUSED_VARIABLE = YES;
				IPHONEOS_DEPLOYMENT_TARGET = 17.5;
				LOCALIZATION_PREFERS_STRING_CATALOGS = YES;
				MTL_ENABLE_DEBUG_INFO = NO;
				MTL_FAST_MATH = YES;
				SDKROOT = iphoneos;
				SWIFT_COMPILATION_MODE = wholemodule;
				VALIDATE_PRODUCT = YES;
			};
			name = Release;
		};
		B592FB192C3B34E30084EE29 /* Debug */ = {
			isa = XCBuildConfiguration;
			buildSettings = {
				ASSETCATALOG_COMPILER_APPICON_NAME = AppIcon;
				ASSETCATALOG_COMPILER_GLOBAL_ACCENT_COLOR_NAME = AccentColor;
				CODE_SIGN_STYLE = Automatic;
				CURRENT_PROJECT_VERSION = 1;
				DEVELOPMENT_TEAM = MP4RYSJJ7N;
				GENERATE_INFOPLIST_FILE = YES;
				INFOPLIST_FILE = ImageFeed/Info.plist;
				INFOPLIST_KEY_UIApplicationSupportsIndirectInputEvents = YES;
				INFOPLIST_KEY_UILaunchStoryboardName = LaunchScreen;
				INFOPLIST_KEY_UIMainStoryboardFile = Main;
				INFOPLIST_KEY_UISupportedInterfaceOrientations_iPad = "UIInterfaceOrientationPortrait UIInterfaceOrientationPortraitUpsideDown UIInterfaceOrientationLandscapeLeft UIInterfaceOrientationLandscapeRight";
				INFOPLIST_KEY_UISupportedInterfaceOrientations_iPhone = "UIInterfaceOrientationPortrait UIInterfaceOrientationLandscapeLeft UIInterfaceOrientationLandscapeRight";
				LD_RUNPATH_SEARCH_PATHS = (
					"$(inherited)",
					"@executable_path/Frameworks",
				);
				MARKETING_VERSION = 1.0;
				PRODUCT_BUNDLE_IDENTIFIER = com.ImageFeed.www.ImageFeed;
				PRODUCT_NAME = "$(TARGET_NAME)";
				SWIFT_EMIT_LOC_STRINGS = YES;
				SWIFT_VERSION = 5.0;
				TARGETED_DEVICE_FAMILY = "1,2";
			};
			name = Debug;
		};
		B592FB1A2C3B34E30084EE29 /* Release */ = {
			isa = XCBuildConfiguration;
			buildSettings = {
				ASSETCATALOG_COMPILER_APPICON_NAME = AppIcon;
				ASSETCATALOG_COMPILER_GLOBAL_ACCENT_COLOR_NAME = AccentColor;
				CODE_SIGN_STYLE = Automatic;
				CURRENT_PROJECT_VERSION = 1;
				DEVELOPMENT_TEAM = MP4RYSJJ7N;
				GENERATE_INFOPLIST_FILE = YES;
				INFOPLIST_FILE = ImageFeed/Info.plist;
				INFOPLIST_KEY_UIApplicationSupportsIndirectInputEvents = YES;
				INFOPLIST_KEY_UILaunchStoryboardName = LaunchScreen;
				INFOPLIST_KEY_UIMainStoryboardFile = Main;
				INFOPLIST_KEY_UISupportedInterfaceOrientations_iPad = "UIInterfaceOrientationPortrait UIInterfaceOrientationPortraitUpsideDown UIInterfaceOrientationLandscapeLeft UIInterfaceOrientationLandscapeRight";
				INFOPLIST_KEY_UISupportedInterfaceOrientations_iPhone = "UIInterfaceOrientationPortrait UIInterfaceOrientationLandscapeLeft UIInterfaceOrientationLandscapeRight";
				LD_RUNPATH_SEARCH_PATHS = (
					"$(inherited)",
					"@executable_path/Frameworks",
				);
				MARKETING_VERSION = 1.0;
				PRODUCT_BUNDLE_IDENTIFIER = com.ImageFeed.www.ImageFeed;
				PRODUCT_NAME = "$(TARGET_NAME)";
				SWIFT_EMIT_LOC_STRINGS = YES;
				SWIFT_VERSION = 5.0;
				TARGETED_DEVICE_FAMILY = "1,2";
			};
			name = Release;
		};
/* End XCBuildConfiguration section */

/* Begin XCConfigurationList section */
		B592FAFF2C3B34E20084EE29 /* Build configuration list for PBXProject "ImageFeed" */ = {
			isa = XCConfigurationList;
			buildConfigurations = (
				B592FB162C3B34E30084EE29 /* Debug */,
				B592FB172C3B34E30084EE29 /* Release */,
			);
			defaultConfigurationIsVisible = 0;
			defaultConfigurationName = Release;
		};
		B592FB182C3B34E30084EE29 /* Build configuration list for PBXNativeTarget "ImageFeed" */ = {
			isa = XCConfigurationList;
			buildConfigurations = (
				B592FB192C3B34E30084EE29 /* Debug */,
				B592FB1A2C3B34E30084EE29 /* Release */,
			);
			defaultConfigurationIsVisible = 0;
			defaultConfigurationName = Release;
		};
/* End XCConfigurationList section */

/* Begin XCRemoteSwiftPackageReference section */
		B5B1FA4B2C6DF9D300F049E4 /* XCRemoteSwiftPackageReference "ProgressHUD" */ = {
			isa = XCRemoteSwiftPackageReference;
			repositoryURL = "https://github.com/relatedcode/ProgressHUD";
			requirement = {
				kind = upToNextMajorVersion;
				minimumVersion = 14.1.3;
			};
		};
		B5B1FA5A2C77FE0D00F049E4 /* XCRemoteSwiftPackageReference "Kingfisher" */ = {
			isa = XCRemoteSwiftPackageReference;
			repositoryURL = "https://github.com/onevcat/Kingfisher";
			requirement = {
				kind = upToNextMajorVersion;
				minimumVersion = 7.12.0;
			};
		};
		B5B1FA5D2C7925AB00F049E4 /* XCRemoteSwiftPackageReference "SwiftKeychainWrapper" */ = {
			isa = XCRemoteSwiftPackageReference;
			repositoryURL = "https://github.com/jrendel/SwiftKeychainWrapper";
			requirement = {
				kind = upToNextMajorVersion;
				minimumVersion = 4.0.1;
			};
		};
/* End XCRemoteSwiftPackageReference section */

/* Begin XCSwiftPackageProductDependency section */
		B5B1FA4C2C6DF9D300F049E4 /* ProgressHUD */ = {
			isa = XCSwiftPackageProductDependency;
			package = B5B1FA4B2C6DF9D300F049E4 /* XCRemoteSwiftPackageReference "ProgressHUD" */;
			productName = ProgressHUD;
		};
		B5B1FA5B2C77FE0D00F049E4 /* Kingfisher */ = {
			isa = XCSwiftPackageProductDependency;
			package = B5B1FA5A2C77FE0D00F049E4 /* XCRemoteSwiftPackageReference "Kingfisher" */;
			productName = Kingfisher;
		};
		B5B1FA5E2C7925AB00F049E4 /* SwiftKeychainWrapper */ = {
			isa = XCSwiftPackageProductDependency;
			package = B5B1FA5D2C7925AB00F049E4 /* XCRemoteSwiftPackageReference "SwiftKeychainWrapper" */;
			productName = SwiftKeychainWrapper;
		};
/* End XCSwiftPackageProductDependency section */
	};
	rootObject = B592FAFC2C3B34E20084EE29 /* Project object */;
}
